
Microsoft Visual Studio Solution File, Format Version 12.00
# Visual Studio Version 17
VisualStudioVersion = 17.10.35122.118
MinimumVisualStudioVersion = 10.0.40219.1
Project("{FAE04EC0-301F-11D3-BF4B-00C04F79EFBC}") = "BankLib", "BankDLL\BankLib.csproj", "{07EBD15B-D02E-4CDE-90B9-E7B735745D5C}"
EndProject
Project("{FAE04EC0-301F-11D3-BF4B-00C04F79EFBC}") = "BankServer", "BankServer\BankServer.csproj", "{32774A93-CF44-4BDF-99AD-046CB4BF4D19}"
EndProject
Project("{FAE04EC0-301F-11D3-BF4B-00C04F79EFBC}") = "BankAsyncClient", "BankClient\BankAsyncClient.csproj", "{9BA0B2A4-7707-4A41-B2BD-9D9ACB38D737}"
EndProject
Project("{FAE04EC0-301F-11D3-BF4B-00C04F79EFBC}") = "BankBusinessTier", "BankBusinessTier\BankBusinessTier.csproj", "{C8741F83-C605-4535-93DA-EAC9DC02260A}"
EndProject
Global
	GlobalSection(SolutionConfigurationPlatforms) = preSolution
		Debug|Any CPU = Debug|Any CPU
		Release|Any CPU = Release|Any CPU
	EndGlobalSection
	GlobalSection(ProjectConfigurationPlatforms) = postSolution
		{07EBD15B-D02E-4CDE-90B9-E7B735745D5C}.Debug|Any CPU.ActiveCfg = Debug|Any CPU
		{07EBD15B-D02E-4CDE-90B9-E7B735745D5C}.Debug|Any CPU.Build.0 = Debug|Any CPU
		{07EBD15B-D02E-4CDE-90B9-E7B735745D5C}.Release|Any CPU.ActiveCfg = Release|Any CPU
		{07EBD15B-D02E-4CDE-90B9-E7B735745D5C}.Release|Any CPU.Build.0 = Release|Any CPU
		{32774A93-CF44-4BDF-99AD-046CB4BF4D19}.Debug|Any CPU.ActiveCfg = Debug|Any CPU
		{32774A93-CF44-4BDF-99AD-046CB4BF4D19}.Debug|Any CPU.Build.0 = Debug|Any CPU
		{32774A93-CF44-4BDF-99AD-046CB4BF4D19}.Release|Any CPU.ActiveCfg = Release|Any CPU
		{32774A93-CF44-4BDF-99AD-046CB4BF4D19}.Release|Any CPU.Build.0 = Release|Any CPU
		{9BA0B2A4-7707-4A41-B2BD-9D9ACB38D737}.Debug|Any CPU.ActiveCfg = Debug|Any CPU
		{9BA0B2A4-7707-4A41-B2BD-9D9ACB38D737}.Debug|Any CPU.Build.0 = Debug|Any CPU
		{9BA0B2A4-7707-4A41-B2BD-9D9ACB38D737}.Release|Any CPU.ActiveCfg = Release|Any CPU
		{9BA0B2A4-7707-4A41-B2BD-9D9ACB38D737}.Release|Any CPU.Build.0 = Release|Any CPU
		{C8741F83-C605-4535-93DA-EAC9DC02260A}.Debug|Any CPU.ActiveCfg = Debug|Any CPU
		{C8741F83-C605-4535-93DA-EAC9DC02260A}.Debug|Any CPU.Build.0 = Debug|Any CPU
		{C8741F83-C605-4535-93DA-EAC9DC02260A}.Release|Any CPU.ActiveCfg = Release|Any CPU
		{C8741F83-C605-4535-93DA-EAC9DC02260A}.Release|Any CPU.Build.0 = Release|Any CPU
	EndGlobalSection
	GlobalSection(SolutionProperties) = preSolution
		HideSolutionNode = FALSE
	EndGlobalSection
	GlobalSection(ExtensibilityGlobals) = postSolution
		SolutionGuid = {99CFA88B-34AD-4554-9D0F-0810655002AE}
	EndGlobalSection
EndGlobal
